{
  "name": "@untydev/merge",
  "version": "1.0.0",
  "lockfileVersion": 3,
  "requires": true,
  "packages": {
    "": {
      "name": "@untydev/merge",
      "version": "1.0.0",
      "license": "MIT",
      "dependencies": {
        "@untydev/iterate": "^1.0.0",
        "@untydev/types": "^1.2.0"
      },
      "engines": {
        "node": ">=16.15.0"
      }
    },
    "node_modules/@untydev/iterate": {
      "version": "1.0.0",
      "resolved": "https://registry.npmjs.org/@untydev/iterate/-/iterate-1.0.0.tgz",
      "integrity": "sha512-PFXJ9ctpXmP1DUgoJqxdYoCQhNKsJulUF+dS1MsCpz/oqpiMvjyBqtlpwlkH60TGZqZxOlRiwv8PcLTzwn11Wg==",
      "dependencies": {
        "@untydev/types": "^1.0.0"
      },
      "engines": {
        "node": ">=16.15.0"
      }
    },
    "node_modules/@untydev/types": {
      "version": "1.2.0",
      "resolved": "https://registry.npmjs.org/@untydev/types/-/types-1.2.0.tgz",
      "integrity": "sha512-dYa3/EmmVkMTjxm/jZNU3ecXQU3OsLi1fs046RROEHZoKqZAxjtBU66EaNY/espG3f6Vj78zBSVh32IjV10i9A==",
      "engines": {
        "node": ">=16.15.0"
      }
    }
  }
}
